// !$*UTF8*$!
{
	archiveVersion = 1;
	classes = {
	};
	objectVersion = 46;
	objects = {

/* Begin PBXBuildFile section */
		D003B8381740F5C60030516E /* defaultPhoto1.png in Resources */ = {isa = PBXBuildFile; fileRef = D003B8371740F5C60030516E /* defaultPhoto1.png */; };
		D003B83C17411E040030516E /* demo4.png in Resources */ = {isa = PBXBuildFile; fileRef = D003B83917411E040030516E /* demo4.png */; };
		D003B83D17411E040030516E /* demo5.png in Resources */ = {isa = PBXBuildFile; fileRef = D003B83A17411E040030516E /* demo5.png */; };
		D003B83E17411E040030516E /* demo6.png in Resources */ = {isa = PBXBuildFile; fileRef = D003B83B17411E040030516E /* demo6.png */; };
		D003B842174133B50030516E /* BGSDocumentCompany.m in Sources */ = {isa = PBXBuildFile; fileRef = D003B841174133B50030516E /* BGSDocumentCompany.m */; };
		D003B8451741365C0030516E /* BGSCompanyData.m in Sources */ = {isa = PBXBuildFile; fileRef = D003B8441741365C0030516E /* BGSCompanyData.m */; };
		D003B848174172560030516E /* demo_logo_header.png in Resources */ = {isa = PBXBuildFile; fileRef = D003B847174172560030516E /* demo_logo_header.png */; };
		D003B84B174283DB0030516E /* BGSRenderModel2.m in Sources */ = {isa = PBXBuildFile; fileRef = D003B84A174283DB0030516E /* BGSRenderModel2.m */; };
		D07FDC82173A8AE700AE83C8 /* UIKit.framework in Frameworks */ = {isa = PBXBuildFile; fileRef = D07FDC81173A8AE700AE83C8 /* UIKit.framework */; };
		D07FDC84173A8AE700AE83C8 /* Foundation.framework in Frameworks */ = {isa = PBXBuildFile; fileRef = D07FDC83173A8AE700AE83C8 /* Foundation.framework */; };
		D07FDC86173A8AE700AE83C8 /* CoreGraphics.framework in Frameworks */ = {isa = PBXBuildFile; fileRef = D07FDC85173A8AE700AE83C8 /* CoreGraphics.framework */; };
		D07FDC8C173A8AE700AE83C8 /* InfoPlist.strings in Resources */ = {isa = PBXBuildFile; fileRef = D07FDC8A173A8AE700AE83C8 /* InfoPlist.strings */; };
		D07FDC8E173A8AE700AE83C8 /* main.m in Sources */ = {isa = PBXBuildFile; fileRef = D07FDC8D173A8AE700AE83C8 /* main.m */; };
		D07FDC92173A8AE700AE83C8 /* BGSAppDelegate.m in Sources */ = {isa = PBXBuildFile; fileRef = D07FDC91173A8AE700AE83C8 /* BGSAppDelegate.m */; };
		D07FDC94173A8AE700AE83C8 /* Default.png in Resources */ = {isa = PBXBuildFile; fileRef = D07FDC93173A8AE700AE83C8 /* Default.png */; };
		D07FDC96173A8AE700AE83C8 /* Default@2x.png in Resources */ = {isa = PBXBuildFile; fileRef = D07FDC95173A8AE700AE83C8 /* Default@2x.png */; };
		D07FDC98173A8AE700AE83C8 /* Default-568h@2x.png in Resources */ = {isa = PBXBuildFile; fileRef = D07FDC97173A8AE700AE83C8 /* Default-568h@2x.png */; };
		D07FDC9B173A8AE700AE83C8 /* MainStoryboard_iPhone.storyboard in Resources */ = {isa = PBXBuildFile; fileRef = D07FDC99173A8AE700AE83C8 /* MainStoryboard_iPhone.storyboard */; };
		D07FDC9E173A8AE700AE83C8 /* MainStoryboard_iPad.storyboard in Resources */ = {isa = PBXBuildFile; fileRef = D07FDC9C173A8AE700AE83C8 /* MainStoryboard_iPad.storyboard */; };
		D07FDCA1173A8AE700AE83C8 /* BGSViewController.m in Sources */ = {isa = PBXBuildFile; fileRef = D07FDCA0173A8AE700AE83C8 /* BGSViewController.m */; };
		D07FDCAB173AA22800AE83C8 /* BGSOutputTVC.m in Sources */ = {isa = PBXBuildFile; fileRef = D07FDCAA173AA22800AE83C8 /* BGSOutputTVC.m */; };
		D07FDCB2173AAB1300AE83C8 /* CoreText.framework in Frameworks */ = {isa = PBXBuildFile; fileRef = D07FDCB1173AAB1300AE83C8 /* CoreText.framework */; };
		D07FDCB4173AAB1F00AE83C8 /* MessageUI.framework in Frameworks */ = {isa = PBXBuildFile; fileRef = D07FDCB3173AAB1F00AE83C8 /* MessageUI.framework */; };
		D0EDF127173BA1530041AF56 /* Default@2x.png in Resources */ = {isa = PBXBuildFile; fileRef = D0EDF115173BA1530041AF56 /* Default@2x.png */; };
		D0EDF128173BA1530041AF56 /* Default.png in Resources */ = {isa = PBXBuildFile; fileRef = D0EDF116173BA1530041AF56 /* Default.png */; };
		D0EDF129173BA1530041AF56 /* Default-568h@2x.png in Resources */ = {isa = PBXBuildFile; fileRef = D0EDF117173BA1530041AF56 /* Default-568h@2x.png */; };
		D0EDF12A173BA1530041AF56 /* iTunesArtWorkFlat.png in Resources */ = {isa = PBXBuildFile; fileRef = D0EDF118173BA1530041AF56 /* iTunesArtWorkFlat.png */; };
		D0EDF12B173BA1530041AF56 /* Default-Portrait@2x.png in Resources */ = {isa = PBXBuildFile; fileRef = D0EDF119173BA1530041AF56 /* Default-Portrait@2x.png */; };
		D0EDF12C173BA1530041AF56 /* Default-Landscape.png in Resources */ = {isa = PBXBuildFile; fileRef = D0EDF11A173BA1530041AF56 /* Default-Landscape.png */; };
		D0EDF12D173BA1530041AF56 /* Default-Portrait.png in Resources */ = {isa = PBXBuildFile; fileRef = D0EDF11B173BA1530041AF56 /* Default-Portrait.png */; };
		D0EDF12E173BA1530041AF56 /* Default-Landscape@2x.png in Resources */ = {isa = PBXBuildFile; fileRef = D0EDF11C173BA1530041AF56 /* Default-Landscape@2x.png */; };
		D0EDF12F173BA1530041AF56 /* Icon-100.png in Resources */ = {isa = PBXBuildFile; fileRef = D0EDF11D173BA1530041AF56 /* Icon-100.png */; };
		D0EDF130173BA1530041AF56 /* Icon-Small.png in Resources */ = {isa = PBXBuildFile; fileRef = D0EDF11E173BA1530041AF56 /* Icon-Small.png */; };
		D0EDF131173BA1530041AF56 /* iTunesArtwork@2x.png in Resources */ = {isa = PBXBuildFile; fileRef = D0EDF11F173BA1530041AF56 /* iTunesArtwork@2x.png */; };
		D0EDF132173BA1530041AF56 /* Icon-Small-50.png in Resources */ = {isa = PBXBuildFile; fileRef = D0EDF120173BA1530041AF56 /* Icon-Small-50.png */; };
		D0EDF133173BA1530041AF56 /* Icon-72.png in Resources */ = {isa = PBXBuildFile; fileRef = D0EDF121173BA1530041AF56 /* Icon-72.png */; };
		D0EDF134173BA1530041AF56 /* Icon-144.png in Resources */ = {isa = PBXBuildFile; fileRef = D0EDF122173BA1530041AF56 /* Icon-144.png */; };
		D0EDF135173BA1530041AF56 /* Icon-Small@2x.png in Resources */ = {isa = PBXBuildFile; fileRef = D0EDF123173BA1530041AF56 /* Icon-Small@2x.png */; };
		D0EDF136173BA1530041AF56 /* Icon.png in Resources */ = {isa = PBXBuildFile; fileRef = D0EDF124173BA1530041AF56 /* Icon.png */; };
		D0EDF137173BA1530041AF56 /* Icon@2x.png in Resources */ = {isa = PBXBuildFile; fileRef = D0EDF125173BA1530041AF56 /* Icon@2x.png */; };
		D0EDF138173BA1530041AF56 /* iTunesArtwork.png in Resources */ = {isa = PBXBuildFile; fileRef = D0EDF126173BA1530041AF56 /* iTunesArtwork.png */; };
		D0EDF19B173BCD640041AF56 /* BGSDocumentInventory.m in Sources */ = {isa = PBXBuildFile; fileRef = D0EDF194173BCD640041AF56 /* BGSDocumentInventory.m */; };
		D0EDF19C173BCD640041AF56 /* BGSInventoryData.m in Sources */ = {isa = PBXBuildFile; fileRef = D0EDF196173BCD640041AF56 /* BGSInventoryData.m */; };
		D0EDF19D173BCD640041AF56 /* BGSInventoryInspectionItem.m in Sources */ = {isa = PBXBuildFile; fileRef = D0EDF198173BCD640041AF56 /* BGSInventoryInspectionItem.m */; };
		D0EDF19E173BCD640041AF56 /* BGSInventoryMetaData.m in Sources */ = {isa = PBXBuildFile; fileRef = D0EDF19A173BCD640041AF56 /* BGSInventoryMetaData.m */; };
		D0EDF1A8173BCE930041AF56 /* BGSAddressData.m in Sources */ = {isa = PBXBuildFile; fileRef = D0EDF1A1173BCE930041AF56 /* BGSAddressData.m */; };
		D0EDF1A9173BCE930041AF56 /* BGSDocumentProperty.m in Sources */ = {isa = PBXBuildFile; fileRef = D0EDF1A3173BCE930041AF56 /* BGSDocumentProperty.m */; };
		D0EDF1AA173BCE930041AF56 /* BGSPropertyData.m in Sources */ = {isa = PBXBuildFile; fileRef = D0EDF1A5173BCE930041AF56 /* BGSPropertyData.m */; };
		D0EDF1AB173BCE930041AF56 /* BGSPropertyMetaData.m in Sources */ = {isa = PBXBuildFile; fileRef = D0EDF1A7173BCE930041AF56 /* BGSPropertyMetaData.m */; };
		D0EDF1AF173BD3650041AF56 /* NSDate+FormattedStrings.m in Sources */ = {isa = PBXBuildFile; fileRef = D0EDF1AE173BD3650041AF56 /* NSDate+FormattedStrings.m */; };
		D0EDF1B2173BD4BC0041AF56 /* UIImageExtras.m in Sources */ = {isa = PBXBuildFile; fileRef = D0EDF1B1173BD4BC0041AF56 /* UIImageExtras.m */; };
		D0EDF1B7173BE33C0041AF56 /* demo1.png in Resources */ = {isa = PBXBuildFile; fileRef = D0EDF1B4173BE33C0041AF56 /* demo1.png */; };
		D0EDF1B8173BE33C0041AF56 /* demo2.png in Resources */ = {isa = PBXBuildFile; fileRef = D0EDF1B5173BE33C0041AF56 /* demo2.png */; };
		D0EDF1B9173BE33C0041AF56 /* demo3.png in Resources */ = {isa = PBXBuildFile; fileRef = D0EDF1B6173BE33C0041AF56 /* demo3.png */; };
/* End PBXBuildFile section */

/* Begin PBXFileReference section */
		D003B8371740F5C60030516E /* defaultPhoto1.png */ = {isa = PBXFileReference; lastKnownFileType = image.png; path = defaultPhoto1.png; sourceTree = "<group>"; };
		D003B83917411E040030516E /* demo4.png */ = {isa = PBXFileReference; lastKnownFileType = image.png; path = demo4.png; sourceTree = "<group>"; };
		D003B83A17411E040030516E /* demo5.png */ = {isa = PBXFileReference; lastKnownFileType = image.png; path = demo5.png; sourceTree = "<group>"; };
		D003B83B17411E040030516E /* demo6.png */ = {isa = PBXFileReference; lastKnownFileType = image.png; path = demo6.png; sourceTree = "<group>"; };
		D003B840174133B50030516E /* BGSDocumentCompany.h */ = {isa = PBXFileReference; fileEncoding = 4; lastKnownFileType = sourcecode.c.h; path = BGSDocumentCompany.h; sourceTree = "<group>"; };
		D003B841174133B50030516E /* BGSDocumentCompany.m */ = {isa = PBXFileReference; fileEncoding = 4; lastKnownFileType = sourcecode.c.objc; path = BGSDocumentCompany.m; sourceTree = "<group>"; };
		D003B8431741365C0030516E /* BGSCompanyData.h */ = {isa = PBXFileReference; fileEncoding = 4; lastKnownFileType = sourcecode.c.h; path = BGSCompanyData.h; sourceTree = "<group>"; };
		D003B8441741365C0030516E /* BGSCompanyData.m */ = {isa = PBXFileReference; fileEncoding = 4; lastKnownFileType = sourcecode.c.objc; path = BGSCompanyData.m; sourceTree = "<group>"; };
		D003B847174172560030516E /* demo_logo_header.png */ = {isa = PBXFileReference; lastKnownFileType = image.png; path = demo_logo_header.png; sourceTree = "<group>"; };
		D003B849174283DB0030516E /* BGSRenderModel2.h */ = {isa = PBXFileReference; fileEncoding = 4; lastKnownFileType = sourcecode.c.h; path = BGSRenderModel2.h; sourceTree = "<group>"; };
		D003B84A174283DB0030516E /* BGSRenderModel2.m */ = {isa = PBXFileReference; fileEncoding = 4; lastKnownFileType = sourcecode.c.objc; path = BGSRenderModel2.m; sourceTree = "<group>"; };
		D07FDC7E173A8AE700AE83C8 /* PDF DOC.app */ = {isa = PBXFileReference; explicitFileType = wrapper.application; includeInIndex = 0; path = "PDF DOC.app"; sourceTree = BUILT_PRODUCTS_DIR; };
		D07FDC81173A8AE700AE83C8 /* UIKit.framework */ = {isa = PBXFileReference; lastKnownFileType = wrapper.framework; name = UIKit.framework; path = System/Library/Frameworks/UIKit.framework; sourceTree = SDKROOT; };
		D07FDC83173A8AE700AE83C8 /* Foundation.framework */ = {isa = PBXFileReference; lastKnownFileType = wrapper.framework; name = Foundation.framework; path = System/Library/Frameworks/Foundation.framework; sourceTree = SDKROOT; };
		D07FDC85173A8AE700AE83C8 /* CoreGraphics.framework */ = {isa = PBXFileReference; lastKnownFileType = wrapper.framework; name = CoreGraphics.framework; path = System/Library/Frameworks/CoreGraphics.framework; sourceTree = SDKROOT; };
		D07FDC89173A8AE700AE83C8 /* BGS PDF templates-Info.plist */ = {isa = PBXFileReference; lastKnownFileType = text.plist.xml; path = "BGS PDF templates-Info.plist"; sourceTree = "<group>"; };
		D07FDC8B173A8AE700AE83C8 /* en */ = {isa = PBXFileReference; lastKnownFileType = text.plist.strings; name = en; path = en.lproj/InfoPlist.strings; sourceTree = "<group>"; };
		D07FDC8D173A8AE700AE83C8 /* main.m */ = {isa = PBXFileReference; lastKnownFileType = sourcecode.c.objc; path = main.m; sourceTree = "<group>"; };
		D07FDC8F173A8AE700AE83C8 /* BGS PDF templates-Prefix.pch */ = {isa = PBXFileReference; lastKnownFileType = sourcecode.c.h; path = "BGS PDF templates-Prefix.pch"; sourceTree = "<group>"; };
		D07FDC90173A8AE700AE83C8 /* BGSAppDelegate.h */ = {isa = PBXFileReference; lastKnownFileType = sourcecode.c.h; path = BGSAppDelegate.h; sourceTree = "<group>"; };
		D07FDC91173A8AE700AE83C8 /* BGSAppDelegate.m */ = {isa = PBXFileReference; lastKnownFileType = sourcecode.c.objc; path = BGSAppDelegate.m; sourceTree = "<group>"; };
		D07FDC93173A8AE700AE83C8 /* Default.png */ = {isa = PBXFileReference; lastKnownFileType = image.png; path = Default.png; sourceTree = "<group>"; };
		D07FDC95173A8AE700AE83C8 /* Default@2x.png */ = {isa = PBXFileReference; lastKnownFileType = image.png; path = "Default@2x.png"; sourceTree = "<group>"; };
		D07FDC97173A8AE700AE83C8 /* Default-568h@2x.png */ = {isa = PBXFileReference; lastKnownFileType = image.png; path = "Default-568h@2x.png"; sourceTree = "<group>"; };
		D07FDC9A173A8AE700AE83C8 /* en */ = {isa = PBXFileReference; lastKnownFileType = file.storyboard; name = en; path = en.lproj/MainStoryboard_iPhone.storyboard; sourceTree = "<group>"; };
		D07FDC9D173A8AE700AE83C8 /* en */ = {isa = PBXFileReference; lastKnownFileType = file.storyboard; name = en; path = en.lproj/MainStoryboard_iPad.storyboard; sourceTree = "<group>"; };
		D07FDC9F173A8AE700AE83C8 /* BGSViewController.h */ = {isa = PBXFileReference; lastKnownFileType = sourcecode.c.h; name = BGSViewController.h; path = "BGS PDF templates/BGSViewController.h"; sourceTree = "<group>"; };
		D07FDCA0173A8AE700AE83C8 /* BGSViewController.m */ = {isa = PBXFileReference; lastKnownFileType = sourcecode.c.objc; name = BGSViewController.m; path = "BGS PDF templates/BGSViewController.m"; sourceTree = "<group>"; };
		D07FDCA9173AA22800AE83C8 /* BGSOutputTVC.h */ = {isa = PBXFileReference; fileEncoding = 4; lastKnownFileType = sourcecode.c.h; path = BGSOutputTVC.h; sourceTree = "<group>"; };
		D07FDCAA173AA22800AE83C8 /* BGSOutputTVC.m */ = {isa = PBXFileReference; fileEncoding = 4; lastKnownFileType = sourcecode.c.objc; path = BGSOutputTVC.m; sourceTree = "<group>"; };
		D07FDCB1173AAB1300AE83C8 /* CoreText.framework */ = {isa = PBXFileReference; lastKnownFileType = wrapper.framework; name = CoreText.framework; path = System/Library/Frameworks/CoreText.framework; sourceTree = SDKROOT; };
		D07FDCB3173AAB1F00AE83C8 /* MessageUI.framework */ = {isa = PBXFileReference; lastKnownFileType = wrapper.framework; name = MessageUI.framework; path = System/Library/Frameworks/MessageUI.framework; sourceTree = SDKROOT; };
		D0EDF115173BA1530041AF56 /* Default@2x.png */ = {isa = PBXFileReference; lastKnownFileType = image.png; path = "Default@2x.png"; sourceTree = "<group>"; };
		D0EDF116173BA1530041AF56 /* Default.png */ = {isa = PBXFileReference; lastKnownFileType = image.png; path = Default.png; sourceTree = "<group>"; };
		D0EDF117173BA1530041AF56 /* Default-568h@2x.png */ = {isa = PBXFileReference; lastKnownFileType = image.png; path = "Default-568h@2x.png"; sourceTree = "<group>"; };
		D0EDF118173BA1530041AF56 /* iTunesArtWorkFlat.png */ = {isa = PBXFileReference; lastKnownFileType = image.png; path = iTunesArtWorkFlat.png; sourceTree = "<group>"; };
		D0EDF119173BA1530041AF56 /* Default-Portrait@2x.png */ = {isa = PBXFileReference; lastKnownFileType = image.png; path = "Default-Portrait@2x.png"; sourceTree = "<group>"; };
		D0EDF11A173BA1530041AF56 /* Default-Landscape.png */ = {isa = PBXFileReference; lastKnownFileType = image.png; path = "Default-Landscape.png"; sourceTree = "<group>"; };
		D0EDF11B173BA1530041AF56 /* Default-Portrait.png */ = {isa = PBXFileReference; lastKnownFileType = image.png; path = "Default-Portrait.png"; sourceTree = "<group>"; };
		D0EDF11C173BA1530041AF56 /* Default-Landscape@2x.png */ = {isa = PBXFileReference; lastKnownFileType = image.png; path = "Default-Landscape@2x.png"; sourceTree = "<group>"; };
		D0EDF11D173BA1530041AF56 /* Icon-100.png */ = {isa = PBXFileReference; lastKnownFileType = image.png; path = "Icon-100.png"; sourceTree = "<group>"; };
		D0EDF11E173BA1530041AF56 /* Icon-Small.png */ = {isa = PBXFileReference; lastKnownFileType = image.png; path = "Icon-Small.png"; sourceTree = "<group>"; };
		D0EDF11F173BA1530041AF56 /* iTunesArtwork@2x.png */ = {isa = PBXFileReference; lastKnownFileType = image.png; path = "iTunesArtwork@2x.png"; sourceTree = "<group>"; };
		D0EDF120173BA1530041AF56 /* Icon-Small-50.png */ = {isa = PBXFileReference; lastKnownFileType = image.png; path = "Icon-Small-50.png"; sourceTree = "<group>"; };
		D0EDF121173BA1530041AF56 /* Icon-72.png */ = {isa = PBXFileReference; lastKnownFileType = image.png; path = "Icon-72.png"; sourceTree = "<group>"; };
		D0EDF122173BA1530041AF56 /* Icon-144.png */ = {isa = PBXFileReference; lastKnownFileType = image.png; path = "Icon-144.png"; sourceTree = "<group>"; };
		D0EDF123173BA1530041AF56 /* Icon-Small@2x.png */ = {isa = PBXFileReference; lastKnownFileType = image.png; path = "Icon-Small@2x.png"; sourceTree = "<group>"; };
		D0EDF124173BA1530041AF56 /* Icon.png */ = {isa = PBXFileReference; lastKnownFileType = image.png; path = Icon.png; sourceTree = "<group>"; };
		D0EDF125173BA1530041AF56 /* Icon@2x.png */ = {isa = PBXFileReference; lastKnownFileType = image.png; path = "Icon@2x.png"; sourceTree = "<group>"; };
		D0EDF126173BA1530041AF56 /* iTunesArtwork.png */ = {isa = PBXFileReference; lastKnownFileType = image.png; path = iTunesArtwork.png; sourceTree = "<group>"; };
		D0EDF193173BCD640041AF56 /* BGSDocumentInventory.h */ = {isa = PBXFileReference; fileEncoding = 4; lastKnownFileType = sourcecode.c.h; path = BGSDocumentInventory.h; sourceTree = "<group>"; };
		D0EDF194173BCD640041AF56 /* BGSDocumentInventory.m */ = {isa = PBXFileReference; fileEncoding = 4; lastKnownFileType = sourcecode.c.objc; path = BGSDocumentInventory.m; sourceTree = "<group>"; };
		D0EDF195173BCD640041AF56 /* BGSInventoryData.h */ = {isa = PBXFileReference; fileEncoding = 4; lastKnownFileType = sourcecode.c.h; path = BGSInventoryData.h; sourceTree = "<group>"; };
		D0EDF196173BCD640041AF56 /* BGSInventoryData.m */ = {isa = PBXFileReference; fileEncoding = 4; lastKnownFileType = sourcecode.c.objc; path = BGSInventoryData.m; sourceTree = "<group>"; };
		D0EDF197173BCD640041AF56 /* BGSInventoryInspectionItem.h */ = {isa = PBXFileReference; fileEncoding = 4; lastKnownFileType = sourcecode.c.h; path = BGSInventoryInspectionItem.h; sourceTree = "<group>"; };
		D0EDF198173BCD640041AF56 /* BGSInventoryInspectionItem.m */ = {isa = PBXFileReference; fileEncoding = 4; lastKnownFileType = sourcecode.c.objc; path = BGSInventoryInspectionItem.m; sourceTree = "<group>"; };
		D0EDF199173BCD640041AF56 /* BGSInventoryMetaData.h */ = {isa = PBXFileReference; fileEncoding = 4; lastKnownFileType = sourcecode.c.h; path = BGSInventoryMetaData.h; sourceTree = "<group>"; };
		D0EDF19A173BCD640041AF56 /* BGSInventoryMetaData.m */ = {isa = PBXFileReference; fileEncoding = 4; lastKnownFileType = sourcecode.c.objc; path = BGSInventoryMetaData.m; sourceTree = "<group>"; };
		D0EDF1A0173BCE930041AF56 /* BGSAddressData.h */ = {isa = PBXFileReference; fileEncoding = 4; lastKnownFileType = sourcecode.c.h; path = BGSAddressData.h; sourceTree = "<group>"; };
		D0EDF1A1173BCE930041AF56 /* BGSAddressData.m */ = {isa = PBXFileReference; fileEncoding = 4; lastKnownFileType = sourcecode.c.objc; path = BGSAddressData.m; sourceTree = "<group>"; };
		D0EDF1A2173BCE930041AF56 /* BGSDocumentProperty.h */ = {isa = PBXFileReference; fileEncoding = 4; lastKnownFileType = sourcecode.c.h; path = BGSDocumentProperty.h; sourceTree = "<group>"; };
		D0EDF1A3173BCE930041AF56 /* BGSDocumentProperty.m */ = {isa = PBXFileReference; fileEncoding = 4; lastKnownFileType = sourcecode.c.objc; path = BGSDocumentProperty.m; sourceTree = "<group>"; };
		D0EDF1A4173BCE930041AF56 /* BGSPropertyData.h */ = {isa = PBXFileReference; fileEncoding = 4; lastKnownFileType = sourcecode.c.h; path = BGSPropertyData.h; sourceTree = "<group>"; };
		D0EDF1A5173BCE930041AF56 /* BGSPropertyData.m */ = {isa = PBXFileReference; fileEncoding = 4; lastKnownFileType = sourcecode.c.objc; path = BGSPropertyData.m; sourceTree = "<group>"; };
		D0EDF1A6173BCE930041AF56 /* BGSPropertyMetaData.h */ = {isa = PBXFileReference; fileEncoding = 4; lastKnownFileType = sourcecode.c.h; path = BGSPropertyMetaData.h; sourceTree = "<group>"; };
		D0EDF1A7173BCE930041AF56 /* BGSPropertyMetaData.m */ = {isa = PBXFileReference; fileEncoding = 4; lastKnownFileType = sourcecode.c.objc; path = BGSPropertyMetaData.m; sourceTree = "<group>"; };
		D0EDF1AD173BD3640041AF56 /* NSDate+FormattedStrings.h */ = {isa = PBXFileReference; fileEncoding = 4; lastKnownFileType = sourcecode.c.h; path = "NSDate+FormattedStrings.h"; sourceTree = "<group>"; };
		D0EDF1AE173BD3650041AF56 /* NSDate+FormattedStrings.m */ = {isa = PBXFileReference; fileEncoding = 4; lastKnownFileType = sourcecode.c.objc; path = "NSDate+FormattedStrings.m"; sourceTree = "<group>"; };
		D0EDF1B0173BD4BC0041AF56 /* UIImageExtras.h */ = {isa = PBXFileReference; fileEncoding = 4; lastKnownFileType = sourcecode.c.h; path = UIImageExtras.h; sourceTree = "<group>"; };
		D0EDF1B1173BD4BC0041AF56 /* UIImageExtras.m */ = {isa = PBXFileReference; fileEncoding = 4; lastKnownFileType = sourcecode.c.objc; path = UIImageExtras.m; sourceTree = "<group>"; };
		D0EDF1B4173BE33C0041AF56 /* demo1.png */ = {isa = PBXFileReference; lastKnownFileType = image.png; path = demo1.png; sourceTree = "<group>"; };
		D0EDF1B5173BE33C0041AF56 /* demo2.png */ = {isa = PBXFileReference; lastKnownFileType = image.png; path = demo2.png; sourceTree = "<group>"; };
		D0EDF1B6173BE33C0041AF56 /* demo3.png */ = {isa = PBXFileReference; lastKnownFileType = image.png; path = demo3.png; sourceTree = "<group>"; };
/* End PBXFileReference section */

/* Begin PBXFrameworksBuildPhase section */
		D07FDC7B173A8AE700AE83C8 /* Frameworks */ = {
			isa = PBXFrameworksBuildPhase;
			buildActionMask = 2147483647;
			files = (
				D07FDCB4173AAB1F00AE83C8 /* MessageUI.framework in Frameworks */,
				D07FDCB2173AAB1300AE83C8 /* CoreText.framework in Frameworks */,
				D07FDC82173A8AE700AE83C8 /* UIKit.framework in Frameworks */,
				D07FDC84173A8AE700AE83C8 /* Foundation.framework in Frameworks */,
				D07FDC86173A8AE700AE83C8 /* CoreGraphics.framework in Frameworks */,
			);
			runOnlyForDeploymentPostprocessing = 0;
		};
/* End PBXFrameworksBuildPhase section */

/* Begin PBXGroup section */
		D003B83F1741335D0030516E /* Company */ = {
			isa = PBXGroup;
			children = (
				D003B840174133B50030516E /* BGSDocumentCompany.h */,
				D003B841174133B50030516E /* BGSDocumentCompany.m */,
				D003B8431741365C0030516E /* BGSCompanyData.h */,
				D003B8441741365C0030516E /* BGSCompanyData.m */,
			);
			name = Company;
			sourceTree = "<group>";
		};
		D003B8461741723A0030516E /* Logos */ = {
			isa = PBXGroup;
			children = (
				D003B847174172560030516E /* demo_logo_header.png */,
			);
			name = Logos;
			sourceTree = "<group>";
		};
		D07FDC75173A8AE700AE83C8 = {
			isa = PBXGroup;
			children = (
				D0EDF1AC173BD3400041AF56 /* Utilities */,
				D0EDF083173B9C210041AF56 /* Media */,
				D07FDCB3173AAB1F00AE83C8 /* MessageUI.framework */,
				D07FDCB1173AAB1300AE83C8 /* CoreText.framework */,
				D07FDCAD173AA72F00AE83C8 /* Renderers */,
				D07FDCAC173AA62700AE83C8 /* Document Models */,
				D07FDCA8173A8D6900AE83C8 /* GUI */,
				D07FDCA7173A8BF200AE83C8 /* StoryBoards */,
				D07FDC87173A8AE700AE83C8 /* BGS PDF templates */,
				D07FDC80173A8AE700AE83C8 /* Frameworks */,
				D07FDC7F173A8AE700AE83C8 /* Products */,
			);
			sourceTree = "<group>";
		};
		D07FDC7F173A8AE700AE83C8 /* Products */ = {
			isa = PBXGroup;
			children = (
				D07FDC7E173A8AE700AE83C8 /* PDF DOC.app */,
			);
			name = Products;
			sourceTree = "<group>";
		};
		D07FDC80173A8AE700AE83C8 /* Frameworks */ = {
			isa = PBXGroup;
			children = (
				D07FDC81173A8AE700AE83C8 /* UIKit.framework */,
				D07FDC83173A8AE700AE83C8 /* Foundation.framework */,
				D07FDC85173A8AE700AE83C8 /* CoreGraphics.framework */,
			);
			name = Frameworks;
			sourceTree = "<group>";
		};
		D07FDC87173A8AE700AE83C8 /* BGS PDF templates */ = {
			isa = PBXGroup;
			children = (
				D07FDC90173A8AE700AE83C8 /* BGSAppDelegate.h */,
				D07FDC91173A8AE700AE83C8 /* BGSAppDelegate.m */,
				D07FDC88173A8AE700AE83C8 /* Supporting Files */,
			);
			path = "BGS PDF templates";
			sourceTree = "<group>";
		};
		D07FDC88173A8AE700AE83C8 /* Supporting Files */ = {
			isa = PBXGroup;
			children = (
				D07FDC89173A8AE700AE83C8 /* BGS PDF templates-Info.plist */,
				D07FDC8A173A8AE700AE83C8 /* InfoPlist.strings */,
				D07FDC8D173A8AE700AE83C8 /* main.m */,
				D07FDC8F173A8AE700AE83C8 /* BGS PDF templates-Prefix.pch */,
				D07FDC93173A8AE700AE83C8 /* Default.png */,
				D07FDC95173A8AE700AE83C8 /* Default@2x.png */,
				D07FDC97173A8AE700AE83C8 /* Default-568h@2x.png */,
			);
			name = "Supporting Files";
			sourceTree = "<group>";
		};
		D07FDCA7173A8BF200AE83C8 /* StoryBoards */ = {
			isa = PBXGroup;
			children = (
				D07FDC99173A8AE700AE83C8 /* MainStoryboard_iPhone.storyboard */,
				D07FDC9C173A8AE700AE83C8 /* MainStoryboard_iPad.storyboard */,
			);
			name = StoryBoards;
			sourceTree = "<group>";
		};
		D07FDCA8173A8D6900AE83C8 /* GUI */ = {
			isa = PBXGroup;
			children = (
				D07FDC9F173A8AE700AE83C8 /* BGSViewController.h */,
				D07FDCA0173A8AE700AE83C8 /* BGSViewController.m */,
				D07FDCA9173AA22800AE83C8 /* BGSOutputTVC.h */,
				D07FDCAA173AA22800AE83C8 /* BGSOutputTVC.m */,
			);
			name = GUI;
			sourceTree = "<group>";
		};
		D07FDCAC173AA62700AE83C8 /* Document Models */ = {
			isa = PBXGroup;
			children = (
				D003B83F1741335D0030516E /* Company */,
				D0EDF19F173BCE390041AF56 /* Property */,
				D0EDF192173BCCC10041AF56 /* Inventory */,
			);
			name = "Document Models";
			sourceTree = "<group>";
		};
		D07FDCAD173AA72F00AE83C8 /* Renderers */ = {
			isa = PBXGroup;
			children = (
				D003B849174283DB0030516E /* BGSRenderModel2.h */,
				D003B84A174283DB0030516E /* BGSRenderModel2.m */,
			);
			name = Renderers;
			sourceTree = "<group>";
		};
		D0EDF083173B9C210041AF56 /* Media */ = {
			isa = PBXGroup;
			children = (
				D003B8461741723A0030516E /* Logos */,
				D0EDF1B3173BE1FD0041AF56 /* Property Photos */,
				D0EDF084173B9C680041AF56 /* Launch Images */,
			);
			name = Media;
			sourceTree = "<group>";
		};
		D0EDF084173B9C680041AF56 /* Launch Images */ = {
			isa = PBXGroup;
			children = (
				D0EDF115173BA1530041AF56 /* Default@2x.png */,
				D0EDF116173BA1530041AF56 /* Default.png */,
				D0EDF117173BA1530041AF56 /* Default-568h@2x.png */,
				D0EDF118173BA1530041AF56 /* iTunesArtWorkFlat.png */,
				D0EDF119173BA1530041AF56 /* Default-Portrait@2x.png */,
				D0EDF11A173BA1530041AF56 /* Default-Landscape.png */,
				D0EDF11B173BA1530041AF56 /* Default-Portrait.png */,
				D0EDF11C173BA1530041AF56 /* Default-Landscape@2x.png */,
				D0EDF11D173BA1530041AF56 /* Icon-100.png */,
				D0EDF11E173BA1530041AF56 /* Icon-Small.png */,
				D0EDF11F173BA1530041AF56 /* iTunesArtwork@2x.png */,
				D0EDF120173BA1530041AF56 /* Icon-Small-50.png */,
				D0EDF121173BA1530041AF56 /* Icon-72.png */,
				D0EDF122173BA1530041AF56 /* Icon-144.png */,
				D0EDF123173BA1530041AF56 /* Icon-Small@2x.png */,
				D0EDF124173BA1530041AF56 /* Icon.png */,
				D0EDF125173BA1530041AF56 /* Icon@2x.png */,
				D0EDF126173BA1530041AF56 /* iTunesArtwork.png */,
			);
			name = "Launch Images";
			sourceTree = "<group>";
		};
		D0EDF192173BCCC10041AF56 /* Inventory */ = {
			isa = PBXGroup;
			children = (
				D0EDF193173BCD640041AF56 /* BGSDocumentInventory.h */,
				D0EDF194173BCD640041AF56 /* BGSDocumentInventory.m */,
				D0EDF195173BCD640041AF56 /* BGSInventoryData.h */,
				D0EDF196173BCD640041AF56 /* BGSInventoryData.m */,
				D0EDF197173BCD640041AF56 /* BGSInventoryInspectionItem.h */,
				D0EDF198173BCD640041AF56 /* BGSInventoryInspectionItem.m */,
				D0EDF199173BCD640041AF56 /* BGSInventoryMetaData.h */,
				D0EDF19A173BCD640041AF56 /* BGSInventoryMetaData.m */,
			);
			name = Inventory;
			sourceTree = "<group>";
		};
		D0EDF19F173BCE390041AF56 /* Property */ = {
			isa = PBXGroup;
			children = (
				D0EDF1A0173BCE930041AF56 /* BGSAddressData.h */,
				D0EDF1A1173BCE930041AF56 /* BGSAddressData.m */,
				D0EDF1A2173BCE930041AF56 /* BGSDocumentProperty.h */,
				D0EDF1A3173BCE930041AF56 /* BGSDocumentProperty.m */,
				D0EDF1A4173BCE930041AF56 /* BGSPropertyData.h */,
				D0EDF1A5173BCE930041AF56 /* BGSPropertyData.m */,
				D0EDF1A6173BCE930041AF56 /* BGSPropertyMetaData.h */,
				D0EDF1A7173BCE930041AF56 /* BGSPropertyMetaData.m */,
			);
			name = Property;
			sourceTree = "<group>";
		};
		D0EDF1AC173BD3400041AF56 /* Utilities */ = {
			isa = PBXGroup;
			children = (
				D0EDF1B0173BD4BC0041AF56 /* UIImageExtras.h */,
				D0EDF1B1173BD4BC0041AF56 /* UIImageExtras.m */,
				D0EDF1AD173BD3640041AF56 /* NSDate+FormattedStrings.h */,
				D0EDF1AE173BD3650041AF56 /* NSDate+FormattedStrings.m */,
			);
			name = Utilities;
			sourceTree = "<group>";
		};
		D0EDF1B3173BE1FD0041AF56 /* Property Photos */ = {
			isa = PBXGroup;
			children = (
				D003B83917411E040030516E /* demo4.png */,
				D003B83A17411E040030516E /* demo5.png */,
				D003B83B17411E040030516E /* demo6.png */,
				D003B8371740F5C60030516E /* defaultPhoto1.png */,
				D0EDF1B4173BE33C0041AF56 /* demo1.png */,
				D0EDF1B5173BE33C0041AF56 /* demo2.png */,
				D0EDF1B6173BE33C0041AF56 /* demo3.png */,
			);
			name = "Property Photos";
			sourceTree = "<group>";
		};
/* End PBXGroup section */

/* Begin PBXNativeTarget section */
		D07FDC7D173A8AE700AE83C8 /* BGS PDF templates */ = {
			isa = PBXNativeTarget;
			buildConfigurationList = D07FDCA4173A8AE700AE83C8 /* Build configuration list for PBXNativeTarget "BGS PDF templates" */;
			buildPhases = (
				D07FDC7A173A8AE700AE83C8 /* Sources */,
				D07FDC7B173A8AE700AE83C8 /* Frameworks */,
				D07FDC7C173A8AE700AE83C8 /* Resources */,
			);
			buildRules = (
			);
			dependencies = (
			);
			name = "BGS PDF templates";
			productName = "BGS PDF templates";
			productReference = D07FDC7E173A8AE700AE83C8 /* PDF DOC.app */;
			productType = "com.apple.product-type.application";
		};
/* End PBXNativeTarget section */

/* Begin PBXProject section */
		D07FDC76173A8AE700AE83C8 /* Project object */ = {
			isa = PBXProject;
			attributes = {
				CLASSPREFIX = BGS;
				LastUpgradeCheck = 0460;
				ORGANIZATIONNAME = BrightGreenStar;
			};
			buildConfigurationList = D07FDC79173A8AE700AE83C8 /* Build configuration list for PBXProject "BGS PDF templates" */;
			compatibilityVersion = "Xcode 3.2";
			developmentRegion = English;
			hasScannedForEncodings = 0;
			knownRegions = (
				en,
			);
			mainGroup = D07FDC75173A8AE700AE83C8;
			productRefGroup = D07FDC7F173A8AE700AE83C8 /* Products */;
			projectDirPath = "";
			projectRoot = "";
			targets = (
				D07FDC7D173A8AE700AE83C8 /* BGS PDF templates */,
			);
		};
/* End PBXProject section */

/* Begin PBXResourcesBuildPhase section */
		D07FDC7C173A8AE700AE83C8 /* Resources */ = {
			isa = PBXResourcesBuildPhase;
			buildActionMask = 2147483647;
			files = (
				D07FDC8C173A8AE700AE83C8 /* InfoPlist.strings in Resources */,
				D07FDC94173A8AE700AE83C8 /* Default.png in Resources */,
				D07FDC96173A8AE700AE83C8 /* Default@2x.png in Resources */,
				D07FDC98173A8AE700AE83C8 /* Default-568h@2x.png in Resources */,
				D07FDC9B173A8AE700AE83C8 /* MainStoryboard_iPhone.storyboard in Resources */,
				D07FDC9E173A8AE700AE83C8 /* MainStoryboard_iPad.storyboard in Resources */,
				D0EDF127173BA1530041AF56 /* Default@2x.png in Resources */,
				D0EDF128173BA1530041AF56 /* Default.png in Resources */,
				D0EDF129173BA1530041AF56 /* Default-568h@2x.png in Resources */,
				D0EDF12A173BA1530041AF56 /* iTunesArtWorkFlat.png in Resources */,
				D0EDF12B173BA1530041AF56 /* Default-Portrait@2x.png in Resources */,
				D0EDF12C173BA1530041AF56 /* Default-Landscape.png in Resources */,
				D0EDF12D173BA1530041AF56 /* Default-Portrait.png in Resources */,
				D0EDF12E173BA1530041AF56 /* Default-Landscape@2x.png in Resources */,
				D0EDF12F173BA1530041AF56 /* Icon-100.png in Resources */,
				D0EDF130173BA1530041AF56 /* Icon-Small.png in Resources */,
				D0EDF131173BA1530041AF56 /* iTunesArtwork@2x.png in Resources */,
				D0EDF132173BA1530041AF56 /* Icon-Small-50.png in Resources */,
				D0EDF133173BA1530041AF56 /* Icon-72.png in Resources */,
				D0EDF134173BA1530041AF56 /* Icon-144.png in Resources */,
				D0EDF135173BA1530041AF56 /* Icon-Small@2x.png in Resources */,
				D0EDF136173BA1530041AF56 /* Icon.png in Resources */,
				D0EDF137173BA1530041AF56 /* Icon@2x.png in Resources */,
				D0EDF138173BA1530041AF56 /* iTunesArtwork.png in Resources */,
				D0EDF1B7173BE33C0041AF56 /* demo1.png in Resources */,
				D0EDF1B8173BE33C0041AF56 /* demo2.png in Resources */,
				D0EDF1B9173BE33C0041AF56 /* demo3.png in Resources */,
				D003B8381740F5C60030516E /* defaultPhoto1.png in Resources */,
				D003B83C17411E040030516E /* demo4.png in Resources */,
				D003B83D17411E040030516E /* demo5.png in Resources */,
				D003B83E17411E040030516E /* demo6.png in Resources */,
				D003B848174172560030516E /* demo_logo_header.png in Resources */,
			);
			runOnlyForDeploymentPostprocessing = 0;
		};
/* End PBXResourcesBuildPhase section */

/* Begin PBXSourcesBuildPhase section */
		D07FDC7A173A8AE700AE83C8 /* Sources */ = {
			isa = PBXSourcesBuildPhase;
			buildActionMask = 2147483647;
			files = (
				D07FDC8E173A8AE700AE83C8 /* main.m in Sources */,
				D07FDC92173A8AE700AE83C8 /* BGSAppDelegate.m in Sources */,
				D07FDCA1173A8AE700AE83C8 /* BGSViewController.m in Sources */,
				D07FDCAB173AA22800AE83C8 /* BGSOutputTVC.m in Sources */,
				D0EDF19B173BCD640041AF56 /* BGSDocumentInventory.m in Sources */,
				D0EDF19C173BCD640041AF56 /* BGSInventoryData.m in Sources */,
				D0EDF19D173BCD640041AF56 /* BGSInventoryInspectionItem.m in Sources */,
				D0EDF19E173BCD640041AF56 /* BGSInventoryMetaData.m in Sources */,
				D0EDF1A8173BCE930041AF56 /* BGSAddressData.m in Sources */,
				D0EDF1A9173BCE930041AF56 /* BGSDocumentProperty.m in Sources */,
				D0EDF1AA173BCE930041AF56 /* BGSPropertyData.m in Sources */,
				D0EDF1AB173BCE930041AF56 /* BGSPropertyMetaData.m in Sources */,
				D0EDF1AF173BD3650041AF56 /* NSDate+FormattedStrings.m in Sources */,
				D0EDF1B2173BD4BC0041AF56 /* UIImageExtras.m in Sources */,
				D003B842174133B50030516E /* BGSDocumentCompany.m in Sources */,
				D003B8451741365C0030516E /* BGSCompanyData.m in Sources */,
				D003B84B174283DB0030516E /* BGSRenderModel2.m in Sources */,
			);
			runOnlyForDeploymentPostprocessing = 0;
		};
/* End PBXSourcesBuildPhase section */

/* Begin PBXVariantGroup section */
		D07FDC8A173A8AE700AE83C8 /* InfoPlist.strings */ = {
			isa = PBXVariantGroup;
			children = (
				D07FDC8B173A8AE700AE83C8 /* en */,
			);
			name = InfoPlist.strings;
			sourceTree = "<group>";
		};
		D07FDC99173A8AE700AE83C8 /* MainStoryboard_iPhone.storyboard */ = {
			isa = PBXVariantGroup;
			children = (
				D07FDC9A173A8AE700AE83C8 /* en */,
			);
			name = MainStoryboard_iPhone.storyboard;
			path = "BGS PDF templates";
			sourceTree = "<group>";
		};
		D07FDC9C173A8AE700AE83C8 /* MainStoryboard_iPad.storyboard */ = {
			isa = PBXVariantGroup;
			children = (
				D07FDC9D173A8AE700AE83C8 /* en */,
			);
			name = MainStoryboard_iPad.storyboard;
			path = "BGS PDF templates";
			sourceTree = "<group>";
		};
/* End PBXVariantGroup section */

/* Begin XCBuildConfiguration section */
		D07FDCA2173A8AE700AE83C8 /* Debug */ = {
			isa = XCBuildConfiguration;
			buildSettings = {
				ALWAYS_SEARCH_USER_PATHS = NO;
				CLANG_CXX_LANGUAGE_STANDARD = "gnu++0x";
				CLANG_CXX_LIBRARY = "libc++";
				CLANG_ENABLE_OBJC_ARC = YES;
				CLANG_WARN_CONSTANT_CONVERSION = YES;
				CLANG_WARN_EMPTY_BODY = YES;
				CLANG_WARN_ENUM_CONVERSION = YES;
				CLANG_WARN_INT_CONVERSION = YES;
				CLANG_WARN__DUPLICATE_METHOD_MATCH = YES;
				"CODE_SIGN_IDENTITY[sdk=iphoneos*]" = "iPhone Developer";
				COPY_PHASE_STRIP = NO;
				GCC_C_LANGUAGE_STANDARD = gnu99;
				GCC_DYNAMIC_NO_PIC = NO;
				GCC_OPTIMIZATION_LEVEL = 0;
				GCC_PREPROCESSOR_DEFINITIONS = (
					"DEBUG=1",
					"$(inherited)",
				);
				GCC_SYMBOLS_PRIVATE_EXTERN = NO;
				GCC_WARN_ABOUT_RETURN_TYPE = YES;
				GCC_WARN_UNINITIALIZED_AUTOS = YES;
				GCC_WARN_UNUSED_VARIABLE = YES;
				IPHONEOS_DEPLOYMENT_TARGET = 6.1;
				ONLY_ACTIVE_ARCH = YES;
				SDKROOT = iphoneos;
				TARGETED_DEVICE_FAMILY = "1,2";
			};
			name = Debug;
		};
		D07FDCA3173A8AE700AE83C8 /* Release */ = {
			isa = XCBuildConfiguration;
			buildSettings = {
				ALWAYS_SEARCH_USER_PATHS = NO;
				CLANG_CXX_LANGUAGE_STANDARD = "gnu++0x";
				CLANG_CXX_LIBRARY = "libc++";
				CLANG_ENABLE_OBJC_ARC = YES;
				CLANG_WARN_CONSTANT_CONVERSION = YES;
				CLANG_WARN_EMPTY_BODY = YES;
				CLANG_WARN_ENUM_CONVERSION = YES;
				CLANG_WARN_INT_CONVERSION = YES;
				CLANG_WARN__DUPLICATE_METHOD_MATCH = YES;
				"CODE_SIGN_IDENTITY[sdk=iphoneos*]" = "iPhone Developer";
				COPY_PHASE_STRIP = YES;
				GCC_C_LANGUAGE_STANDARD = gnu99;
				GCC_WARN_ABOUT_RETURN_TYPE = YES;
				GCC_WARN_UNINITIALIZED_AUTOS = YES;
				GCC_WARN_UNUSED_VARIABLE = YES;
				IPHONEOS_DEPLOYMENT_TARGET = 6.1;
				OTHER_CFLAGS = "-DNS_BLOCK_ASSERTIONS=1";
				SDKROOT = iphoneos;
				TARGETED_DEVICE_FAMILY = "1,2";
				VALIDATE_PRODUCT = YES;
			};
			name = Release;
		};
		D07FDCA5173A8AE700AE83C8 /* Debug */ = {
			isa = XCBuildConfiguration;
			buildSettings = {
				GCC_PRECOMPILE_PREFIX_HEADER = YES;
				GCC_PREFIX_HEADER = "BGS PDF templates/BGS PDF templates-Prefix.pch";
				INFOPLIST_FILE = "BGS PDF templates/BGS PDF templates-Info.plist";
				PRODUCT_NAME = "PDF DOC";
				WRAPPER_EXTENSION = app;
			};
			name = Debug;
		};
		D07FDCA6173A8AE700AE83C8 /* Release */ = {
			isa = XCBuildConfiguration;
			buildSettings = {
				GCC_PRECOMPILE_PREFIX_HEADER = YES;
				GCC_PREFIX_HEADER = "BGS PDF templates/BGS PDF templates-Prefix.pch";
				INFOPLIST_FILE = "BGS PDF templates/BGS PDF templates-Info.plist";
				PRODUCT_NAME = "PDF DOC";
				WRAPPER_EXTENSION = app;
			};
			name = Release;
		};
/* End XCBuildConfiguration section */

/* Begin XCConfigurationList section */
		D07FDC79173A8AE700AE83C8 /* Build configuration list for PBXProject "BGS PDF templates" */ = {
			isa = XCConfigurationList;
			buildConfigurations = (
				D07FDCA2173A8AE700AE83C8 /* Debug */,
				D07FDCA3173A8AE700AE83C8 /* Release */,
			);
			defaultConfigurationIsVisible = 0;
			defaultConfigurationName = Release;
		};
		D07FDCA4173A8AE700AE83C8 /* Build configuration list for PBXNativeTarget "BGS PDF templates" */ = {
			isa = XCConfigurationList;
			buildConfigurations = (
				D07FDCA5173A8AE700AE83C8 /* Debug */,
				D07FDCA6173A8AE700AE83C8 /* Release */,
			);
			defaultConfigurationIsVisible = 0;
			defaultConfigurationName = Release;
		};
/* End XCConfigurationList section */
	};
	rootObject = D07FDC76173A8AE700AE83C8 /* Project object */;
}
